
Microsoft Visual Studio Solution File, Format Version 12.00
# Visual Studio Version 17
VisualStudioVersion = 17.5.33530.505
MinimumVisualStudioVersion = 10.0.40219.1
Project("{8BC9CEB8-8B4A-11D0-8D11-00A0C91BC942}") = "multithreadedFileReader", "multithreadedFileReader\multithreadedFileReader.vcxproj", "{5ABB148C-DFCB-4F98-A578-54A6576EC020}"
EndProject
Project("{8BC9CEB8-8B4A-11D0-8D11-00A0C91BC942}") = "multithreadedFileReaderTests", "multithreadedFileReaderTests\multithreadedFileReaderTests.vcxproj", "{5BC956E2-C98D-429E-8BA7-4BA5C7F2D0CC}"
	ProjectSection(ProjectDependencies) = postProject
		{5ABB148C-DFCB-4F98-A578-54A6576EC020} = {5ABB148C-DFCB-4F98-A578-54A6576EC020}
	EndProjectSection
EndProject
Project("{8BC9CEB8-8B4A-11D0-8D11-00A0C91BC942}") = "multithreadedFileReaderApplication", "multithreadedFileReaderApplication\multithreadedFileReaderApplication.vcxproj", "{BF85C09E-EFC0-4256-9180-AEE35B3B0998}"
	ProjectSection(ProjectDependencies) = postProject
		{5ABB148C-DFCB-4F98-A578-54A6576EC020} = {5ABB148C-DFCB-4F98-A578-54A6576EC020}
	EndProjectSection
EndProject
Global
	GlobalSection(SolutionConfigurationPlatforms) = preSolution
		Debug|x64 = Debug|x64
		Debug|x86 = Debug|x86
		Release|x64 = Release|x64
		Release|x86 = Release|x86
	EndGlobalSection
	GlobalSection(ProjectConfigurationPlatforms) = postSolution
		{5ABB148C-DFCB-4F98-A578-54A6576EC020}.Debug|x64.ActiveCfg = Debug|x64
		{5ABB148C-DFCB-4F98-A578-54A6576EC020}.Debug|x64.Build.0 = Debug|x64
		{5ABB148C-DFCB-4F98-A578-54A6576EC020}.Debug|x86.ActiveCfg = Debug|Win32
		{5ABB148C-DFCB-4F98-A578-54A6576EC020}.Debug|x86.Build.0 = Debug|Win32
		{5ABB148C-DFCB-4F98-A578-54A6576EC020}.Release|x64.ActiveCfg = Release|x64
		{5ABB148C-DFCB-4F98-A578-54A6576EC020}.Release|x64.Build.0 = Release|x64
		{5ABB148C-DFCB-4F98-A578-54A6576EC020}.Release|x86.ActiveCfg = Release|Win32
		{5ABB148C-DFCB-4F98-A578-54A6576EC020}.Release|x86.Build.0 = Release|Win32
		{5BC956E2-C98D-429E-8BA7-4BA5C7F2D0CC}.Debug|x64.ActiveCfg = Debug|x64
		{5BC956E2-C98D-429E-8BA7-4BA5C7F2D0CC}.Debug|x64.Build.0 = Debug|x64
		{5BC956E2-C98D-429E-8BA7-4BA5C7F2D0CC}.Debug|x86.ActiveCfg = Debug|Win32
		{5BC956E2-C98D-429E-8BA7-4BA5C7F2D0CC}.Debug|x86.Build.0 = Debug|Win32
		{5BC956E2-C98D-429E-8BA7-4BA5C7F2D0CC}.Release|x64.ActiveCfg = Release|x64
		{5BC956E2-C98D-429E-8BA7-4BA5C7F2D0CC}.Release|x64.Build.0 = Release|x64
		{5BC956E2-C98D-429E-8BA7-4BA5C7F2D0CC}.Release|x86.ActiveCfg = Release|Win32
		{5BC956E2-C98D-429E-8BA7-4BA5C7F2D0CC}.Release|x86.Build.0 = Release|Win32
		{BF85C09E-EFC0-4256-9180-AEE35B3B0998}.Debug|x64.ActiveCfg = Debug|x64
		{BF85C09E-EFC0-4256-9180-AEE35B3B0998}.Debug|x64.Build.0 = Debug|x64
		{BF85C09E-EFC0-4256-9180-AEE35B3B0998}.Debug|x86.ActiveCfg = Debug|Win32
		{BF85C09E-EFC0-4256-9180-AEE35B3B0998}.Debug|x86.Build.0 = Debug|Win32
		{BF85C09E-EFC0-4256-9180-AEE35B3B0998}.Release|x64.ActiveCfg = Release|x64
		{BF85C09E-EFC0-4256-9180-AEE35B3B0998}.Release|x64.Build.0 = Release|x64
		{BF85C09E-EFC0-4256-9180-AEE35B3B0998}.Release|x86.ActiveCfg = Release|Win32
		{BF85C09E-EFC0-4256-9180-AEE35B3B0998}.Release|x86.Build.0 = Release|Win32
	EndGlobalSection
	GlobalSection(SolutionProperties) = preSolution
		HideSolutionNode = FALSE
	EndGlobalSection
	GlobalSection(ExtensibilityGlobals) = postSolution
		SolutionGuid = {9B049527-8E6C-4A52-816C-D34AFFFDCE31}
	EndGlobalSection
EndGlobal
